{
  "name": "basicbankingsystem_1",
  "version": "1.0.0",
  "lockfileVersion": 2,
  "requires": true,
  "packages": {
    "": {
      "name": "basicbankingsystem_1",
      "version": "1.0.0",
      "license": "ISC",
      "engines": {
        "node": "16.6.2",
        "npm": "8.3.0"
      }
    }
  }
}
